
Microsoft Visual Studio Solution File, Format Version 12.00
# Visual Studio Version 17
VisualStudioVersion = 17.0.31903.59
MinimumVisualStudioVersion = 10.0.40219.1
Project("{2150E333-8FDC-42A3-9474-1A3956D46DE8}") = "src", "src", "{C9AE564F-2AD4-4A74-8C58-4BBB519CA976}"
EndProject
Project("{FAE04EC0-301F-11D3-BF4B-00C04F79EFBC}") = "Menace.Modkit.Core", "src\Menace.Modkit.Core\Menace.Modkit.Core.csproj", "{7068B686-9E48-41A5-B5DE-63B1EDB3E6F7}"
EndProject
Project("{FAE04EC0-301F-11D3-BF4B-00C04F79EFBC}") = "Menace.Modkit.App", "src\Menace.Modkit.App\Menace.Modkit.App.csproj", "{7421AD8F-576E-4EB7-B691-63F521563C83}"
EndProject
Project("{FAE04EC0-301F-11D3-BF4B-00C04F79EFBC}") = "Menace.Modkit.Cli", "src\Menace.Modkit.Cli\Menace.Modkit.Cli.csproj", "{847B7D92-98C5-4AEE-9904-9D95D35D94A1}"
EndProject
Project("{2150E333-8FDC-42A3-9474-1A3956D46DE8}") = "tests", "tests", "{241403DC-F625-46D2-9A75-57B5D5C057F2}"
EndProject
Project("{FAE04EC0-301F-11D3-BF4B-00C04F79EFBC}") = "Menace.Modkit.Tests", "tests\Menace.Modkit.Tests\Menace.Modkit.Tests.csproj", "{42D8FC58-EF3B-4470-B1C7-A2032316A774}"
EndProject
Project("{FAE04EC0-301F-11D3-BF4B-00C04F79EFBC}") = "Menace.ModpackLoader", "src\Menace.ModpackLoader\Menace.ModpackLoader.csproj", "{8E36CE1F-7D9E-48C6-9776-8FA5CBB70892}"
EndProject
Project("{FAE04EC0-301F-11D3-BF4B-00C04F79EFBC}") = "Menace.DataExtractor", "src\Menace.DataExtractor\Menace.DataExtractor.csproj", "{111C4EBE-CD77-42DB-8925-132EEA894A62}"
EndProject
Project("{FAE04EC0-301F-11D3-BF4B-00C04F79EFBC}") = "Menace.ModpackLoader.Tests", "tests\Menace.ModpackLoader.Tests\Menace.ModpackLoader.Tests.csproj", "{CA1B2C3D-4E5F-6789-A0BC-DEF123456703}"
EndProject
Project("{FAE04EC0-301F-11D3-BF4B-00C04F79EFBC}") = "Stubs.MelonLoader", "tests\stubs\Stubs.MelonLoader\Stubs.MelonLoader.csproj", "{CA1B2C3D-4E5F-6789-A0BC-DEF123456701}"
EndProject
Project("{FAE04EC0-301F-11D3-BF4B-00C04F79EFBC}") = "Stubs.Il2CppInterop", "tests\stubs\Stubs.Il2CppInterop\Stubs.Il2CppInterop.csproj", "{CA1B2C3D-4E5F-6789-A0BC-DEF123456702}"
EndProject
Global
	GlobalSection(SolutionConfigurationPlatforms) = preSolution
		Debug|Any CPU = Debug|Any CPU
		Debug|x64 = Debug|x64
		Debug|x86 = Debug|x86
		Release|Any CPU = Release|Any CPU
		Release|x64 = Release|x64
		Release|x86 = Release|x86
	EndGlobalSection
	GlobalSection(ProjectConfigurationPlatforms) = postSolution
		{7068B686-9E48-41A5-B5DE-63B1EDB3E6F7}.Debug|Any CPU.ActiveCfg = Debug|Any CPU
		{7068B686-9E48-41A5-B5DE-63B1EDB3E6F7}.Debug|Any CPU.Build.0 = Debug|Any CPU
		{7068B686-9E48-41A5-B5DE-63B1EDB3E6F7}.Debug|x64.ActiveCfg = Debug|Any CPU
		{7068B686-9E48-41A5-B5DE-63B1EDB3E6F7}.Debug|x64.Build.0 = Debug|Any CPU
		{7068B686-9E48-41A5-B5DE-63B1EDB3E6F7}.Debug|x86.ActiveCfg = Debug|Any CPU
		{7068B686-9E48-41A5-B5DE-63B1EDB3E6F7}.Debug|x86.Build.0 = Debug|Any CPU
		{7068B686-9E48-41A5-B5DE-63B1EDB3E6F7}.Release|Any CPU.ActiveCfg = Release|Any CPU
		{7068B686-9E48-41A5-B5DE-63B1EDB3E6F7}.Release|Any CPU.Build.0 = Release|Any CPU
		{7068B686-9E48-41A5-B5DE-63B1EDB3E6F7}.Release|x64.ActiveCfg = Release|Any CPU
		{7068B686-9E48-41A5-B5DE-63B1EDB3E6F7}.Release|x64.Build.0 = Release|Any CPU
		{7068B686-9E48-41A5-B5DE-63B1EDB3E6F7}.Release|x86.ActiveCfg = Release|Any CPU
		{7068B686-9E48-41A5-B5DE-63B1EDB3E6F7}.Release|x86.Build.0 = Release|Any CPU
		{7421AD8F-576E-4EB7-B691-63F521563C83}.Debug|Any CPU.ActiveCfg = Debug|Any CPU
		{7421AD8F-576E-4EB7-B691-63F521563C83}.Debug|Any CPU.Build.0 = Debug|Any CPU
		{7421AD8F-576E-4EB7-B691-63F521563C83}.Debug|x64.ActiveCfg = Debug|Any CPU
		{7421AD8F-576E-4EB7-B691-63F521563C83}.Debug|x64.Build.0 = Debug|Any CPU
		{7421AD8F-576E-4EB7-B691-63F521563C83}.Debug|x86.ActiveCfg = Debug|Any CPU
		{7421AD8F-576E-4EB7-B691-63F521563C83}.Debug|x86.Build.0 = Debug|Any CPU
		{7421AD8F-576E-4EB7-B691-63F521563C83}.Release|Any CPU.ActiveCfg = Release|Any CPU
		{7421AD8F-576E-4EB7-B691-63F521563C83}.Release|Any CPU.Build.0 = Release|Any CPU
		{7421AD8F-576E-4EB7-B691-63F521563C83}.Release|x64.ActiveCfg = Release|Any CPU
		{7421AD8F-576E-4EB7-B691-63F521563C83}.Release|x64.Build.0 = Release|Any CPU
		{7421AD8F-576E-4EB7-B691-63F521563C83}.Release|x86.ActiveCfg = Release|Any CPU
		{7421AD8F-576E-4EB7-B691-63F521563C83}.Release|x86.Build.0 = Release|Any CPU
		{847B7D92-98C5-4AEE-9904-9D95D35D94A1}.Debug|Any CPU.ActiveCfg = Debug|Any CPU
		{847B7D92-98C5-4AEE-9904-9D95D35D94A1}.Debug|Any CPU.Build.0 = Debug|Any CPU
		{847B7D92-98C5-4AEE-9904-9D95D35D94A1}.Debug|x64.ActiveCfg = Debug|Any CPU
		{847B7D92-98C5-4AEE-9904-9D95D35D94A1}.Debug|x64.Build.0 = Debug|Any CPU
		{847B7D92-98C5-4AEE-9904-9D95D35D94A1}.Debug|x86.ActiveCfg = Debug|Any CPU
		{847B7D92-98C5-4AEE-9904-9D95D35D94A1}.Debug|x86.Build.0 = Debug|Any CPU
		{847B7D92-98C5-4AEE-9904-9D95D35D94A1}.Release|Any CPU.ActiveCfg = Release|Any CPU
		{847B7D92-98C5-4AEE-9904-9D95D35D94A1}.Release|Any CPU.Build.0 = Release|Any CPU
		{847B7D92-98C5-4AEE-9904-9D95D35D94A1}.Release|x64.ActiveCfg = Release|Any CPU
		{847B7D92-98C5-4AEE-9904-9D95D35D94A1}.Release|x64.Build.0 = Release|Any CPU
		{847B7D92-98C5-4AEE-9904-9D95D35D94A1}.Release|x86.ActiveCfg = Release|Any CPU
		{847B7D92-98C5-4AEE-9904-9D95D35D94A1}.Release|x86.Build.0 = Release|Any CPU
		{42D8FC58-EF3B-4470-B1C7-A2032316A774}.Debug|Any CPU.ActiveCfg = Debug|Any CPU
		{42D8FC58-EF3B-4470-B1C7-A2032316A774}.Debug|Any CPU.Build.0 = Debug|Any CPU
		{42D8FC58-EF3B-4470-B1C7-A2032316A774}.Debug|x64.ActiveCfg = Debug|Any CPU
		{42D8FC58-EF3B-4470-B1C7-A2032316A774}.Debug|x64.Build.0 = Debug|Any CPU
		{42D8FC58-EF3B-4470-B1C7-A2032316A774}.Debug|x86.ActiveCfg = Debug|Any CPU
		{42D8FC58-EF3B-4470-B1C7-A2032316A774}.Debug|x86.Build.0 = Debug|Any CPU
		{42D8FC58-EF3B-4470-B1C7-A2032316A774}.Release|Any CPU.ActiveCfg = Release|Any CPU
		{42D8FC58-EF3B-4470-B1C7-A2032316A774}.Release|Any CPU.Build.0 = Release|Any CPU
		{42D8FC58-EF3B-4470-B1C7-A2032316A774}.Release|x64.ActiveCfg = Release|Any CPU
		{42D8FC58-EF3B-4470-B1C7-A2032316A774}.Release|x64.Build.0 = Release|Any CPU
		{42D8FC58-EF3B-4470-B1C7-A2032316A774}.Release|x86.ActiveCfg = Release|Any CPU
		{42D8FC58-EF3B-4470-B1C7-A2032316A774}.Release|x86.Build.0 = Release|Any CPU
		{8E36CE1F-7D9E-48C6-9776-8FA5CBB70892}.Debug|Any CPU.ActiveCfg = Debug|Any CPU
		{8E36CE1F-7D9E-48C6-9776-8FA5CBB70892}.Debug|Any CPU.Build.0 = Debug|Any CPU
		{8E36CE1F-7D9E-48C6-9776-8FA5CBB70892}.Debug|x64.ActiveCfg = Debug|Any CPU
		{8E36CE1F-7D9E-48C6-9776-8FA5CBB70892}.Debug|x64.Build.0 = Debug|Any CPU
		{8E36CE1F-7D9E-48C6-9776-8FA5CBB70892}.Debug|x86.ActiveCfg = Debug|Any CPU
		{8E36CE1F-7D9E-48C6-9776-8FA5CBB70892}.Debug|x86.Build.0 = Debug|Any CPU
		{8E36CE1F-7D9E-48C6-9776-8FA5CBB70892}.Release|Any CPU.ActiveCfg = Release|Any CPU
		{8E36CE1F-7D9E-48C6-9776-8FA5CBB70892}.Release|Any CPU.Build.0 = Release|Any CPU
		{8E36CE1F-7D9E-48C6-9776-8FA5CBB70892}.Release|x64.ActiveCfg = Release|Any CPU
		{8E36CE1F-7D9E-48C6-9776-8FA5CBB70892}.Release|x64.Build.0 = Release|Any CPU
		{8E36CE1F-7D9E-48C6-9776-8FA5CBB70892}.Release|x86.ActiveCfg = Release|Any CPU
		{8E36CE1F-7D9E-48C6-9776-8FA5CBB70892}.Release|x86.Build.0 = Release|Any CPU
		{111C4EBE-CD77-42DB-8925-132EEA894A62}.Debug|Any CPU.ActiveCfg = Debug|Any CPU
		{111C4EBE-CD77-42DB-8925-132EEA894A62}.Debug|Any CPU.Build.0 = Debug|Any CPU
		{111C4EBE-CD77-42DB-8925-132EEA894A62}.Debug|x64.ActiveCfg = Debug|Any CPU
		{111C4EBE-CD77-42DB-8925-132EEA894A62}.Debug|x64.Build.0 = Debug|Any CPU
		{111C4EBE-CD77-42DB-8925-132EEA894A62}.Debug|x86.ActiveCfg = Debug|Any CPU
		{111C4EBE-CD77-42DB-8925-132EEA894A62}.Debug|x86.Build.0 = Debug|Any CPU
		{111C4EBE-CD77-42DB-8925-132EEA894A62}.Release|Any CPU.ActiveCfg = Release|Any CPU
		{111C4EBE-CD77-42DB-8925-132EEA894A62}.Release|Any CPU.Build.0 = Release|Any CPU
		{111C4EBE-CD77-42DB-8925-132EEA894A62}.Release|x64.ActiveCfg = Release|Any CPU
		{111C4EBE-CD77-42DB-8925-132EEA894A62}.Release|x64.Build.0 = Release|Any CPU
		{111C4EBE-CD77-42DB-8925-132EEA894A62}.Release|x86.ActiveCfg = Release|Any CPU
		{111C4EBE-CD77-42DB-8925-132EEA894A62}.Release|x86.Build.0 = Release|Any CPU
		{CA1B2C3D-4E5F-6789-A0BC-DEF123456703}.Debug|Any CPU.ActiveCfg = Debug|Any CPU
		{CA1B2C3D-4E5F-6789-A0BC-DEF123456703}.Debug|Any CPU.Build.0 = Debug|Any CPU
		{CA1B2C3D-4E5F-6789-A0BC-DEF123456703}.Debug|x64.ActiveCfg = Debug|Any CPU
		{CA1B2C3D-4E5F-6789-A0BC-DEF123456703}.Debug|x64.Build.0 = Debug|Any CPU
		{CA1B2C3D-4E5F-6789-A0BC-DEF123456703}.Debug|x86.ActiveCfg = Debug|Any CPU
		{CA1B2C3D-4E5F-6789-A0BC-DEF123456703}.Debug|x86.Build.0 = Debug|Any CPU
		{CA1B2C3D-4E5F-6789-A0BC-DEF123456703}.Release|Any CPU.ActiveCfg = Release|Any CPU
		{CA1B2C3D-4E5F-6789-A0BC-DEF123456703}.Release|Any CPU.Build.0 = Release|Any CPU
		{CA1B2C3D-4E5F-6789-A0BC-DEF123456703}.Release|x64.ActiveCfg = Release|Any CPU
		{CA1B2C3D-4E5F-6789-A0BC-DEF123456703}.Release|x64.Build.0 = Release|Any CPU
		{CA1B2C3D-4E5F-6789-A0BC-DEF123456703}.Release|x86.ActiveCfg = Release|Any CPU
		{CA1B2C3D-4E5F-6789-A0BC-DEF123456703}.Release|x86.Build.0 = Release|Any CPU
		{CA1B2C3D-4E5F-6789-A0BC-DEF123456701}.Debug|Any CPU.ActiveCfg = Debug|Any CPU
		{CA1B2C3D-4E5F-6789-A0BC-DEF123456701}.Debug|Any CPU.Build.0 = Debug|Any CPU
		{CA1B2C3D-4E5F-6789-A0BC-DEF123456701}.Debug|x64.ActiveCfg = Debug|Any CPU
		{CA1B2C3D-4E5F-6789-A0BC-DEF123456701}.Debug|x64.Build.0 = Debug|Any CPU
		{CA1B2C3D-4E5F-6789-A0BC-DEF123456701}.Debug|x86.ActiveCfg = Debug|Any CPU
		{CA1B2C3D-4E5F-6789-A0BC-DEF123456701}.Debug|x86.Build.0 = Debug|Any CPU
		{CA1B2C3D-4E5F-6789-A0BC-DEF123456701}.Release|Any CPU.ActiveCfg = Release|Any CPU
		{CA1B2C3D-4E5F-6789-A0BC-DEF123456701}.Release|Any CPU.Build.0 = Release|Any CPU
		{CA1B2C3D-4E5F-6789-A0BC-DEF123456701}.Release|x64.ActiveCfg = Release|Any CPU
		{CA1B2C3D-4E5F-6789-A0BC-DEF123456701}.Release|x64.Build.0 = Release|Any CPU
		{CA1B2C3D-4E5F-6789-A0BC-DEF123456701}.Release|x86.ActiveCfg = Release|Any CPU
		{CA1B2C3D-4E5F-6789-A0BC-DEF123456701}.Release|x86.Build.0 = Release|Any CPU
		{CA1B2C3D-4E5F-6789-A0BC-DEF123456702}.Debug|Any CPU.ActiveCfg = Debug|Any CPU
		{CA1B2C3D-4E5F-6789-A0BC-DEF123456702}.Debug|Any CPU.Build.0 = Debug|Any CPU
		{CA1B2C3D-4E5F-6789-A0BC-DEF123456702}.Debug|x64.ActiveCfg = Debug|Any CPU
		{CA1B2C3D-4E5F-6789-A0BC-DEF123456702}.Debug|x64.Build.0 = Debug|Any CPU
		{CA1B2C3D-4E5F-6789-A0BC-DEF123456702}.Debug|x86.ActiveCfg = Debug|Any CPU
		{CA1B2C3D-4E5F-6789-A0BC-DEF123456702}.Debug|x86.Build.0 = Debug|Any CPU
		{CA1B2C3D-4E5F-6789-A0BC-DEF123456702}.Release|Any CPU.ActiveCfg = Release|Any CPU
		{CA1B2C3D-4E5F-6789-A0BC-DEF123456702}.Release|Any CPU.Build.0 = Release|Any CPU
		{CA1B2C3D-4E5F-6789-A0BC-DEF123456702}.Release|x64.ActiveCfg = Release|Any CPU
		{CA1B2C3D-4E5F-6789-A0BC-DEF123456702}.Release|x64.Build.0 = Release|Any CPU
		{CA1B2C3D-4E5F-6789-A0BC-DEF123456702}.Release|x86.ActiveCfg = Release|Any CPU
		{CA1B2C3D-4E5F-6789-A0BC-DEF123456702}.Release|x86.Build.0 = Release|Any CPU
	EndGlobalSection
	GlobalSection(SolutionProperties) = preSolution
		HideSolutionNode = FALSE
	EndGlobalSection
	GlobalSection(NestedProjects) = preSolution
		{7068B686-9E48-41A5-B5DE-63B1EDB3E6F7} = {C9AE564F-2AD4-4A74-8C58-4BBB519CA976}
		{7421AD8F-576E-4EB7-B691-63F521563C83} = {C9AE564F-2AD4-4A74-8C58-4BBB519CA976}
		{847B7D92-98C5-4AEE-9904-9D95D35D94A1} = {C9AE564F-2AD4-4A74-8C58-4BBB519CA976}
		{42D8FC58-EF3B-4470-B1C7-A2032316A774} = {241403DC-F625-46D2-9A75-57B5D5C057F2}
		{8E36CE1F-7D9E-48C6-9776-8FA5CBB70892} = {C9AE564F-2AD4-4A74-8C58-4BBB519CA976}
		{111C4EBE-CD77-42DB-8925-132EEA894A62} = {C9AE564F-2AD4-4A74-8C58-4BBB519CA976}
		{CA1B2C3D-4E5F-6789-A0BC-DEF123456703} = {241403DC-F625-46D2-9A75-57B5D5C057F2}
		{CA1B2C3D-4E5F-6789-A0BC-DEF123456701} = {241403DC-F625-46D2-9A75-57B5D5C057F2}
		{CA1B2C3D-4E5F-6789-A0BC-DEF123456702} = {241403DC-F625-46D2-9A75-57B5D5C057F2}
	EndGlobalSection
EndGlobal
